// !$*UTF8*$!
{
	archiveVersion = 1;
	classes = {
	};
	objectVersion = 46;
	objects = {

/* Begin PBXBuildFile section */
		BDD10618B103A81687D40844 /* Pods.framework in Frameworks */ = {isa = PBXBuildFile; fileRef = 6A663C1DF33906A6134EBE11 /* Pods.framework */; settings = {ATTRIBUTES = (Weak, ); }; };
		E50E899F1BB8477400E3E44B /* Solution.swift in Sources */ = {isa = PBXBuildFile; fileRef = E50E899E1BB8477400E3E44B /* Solution.swift */; settings = {ASSET_TAGS = (); }; };
		E51AACF91BB71B0D001E4931 /* AppDelegate.swift in Sources */ = {isa = PBXBuildFile; fileRef = E51AACF81BB71B0D001E4931 /* AppDelegate.swift */; };
		E51AACFB1BB71B0D001E4931 /* ViewController.swift in Sources */ = {isa = PBXBuildFile; fileRef = E51AACFA1BB71B0D001E4931 /* ViewController.swift */; };
		E51AACFE1BB71B0D001E4931 /* Main.storyboard in Resources */ = {isa = PBXBuildFile; fileRef = E51AACFC1BB71B0D001E4931 /* Main.storyboard */; };
		E51AAD011BB71B0D001E4931 /* JIVV_Rubix_Cube_Solver.xcdatamodeld in Sources */ = {isa = PBXBuildFile; fileRef = E51AACFF1BB71B0D001E4931 /* JIVV_Rubix_Cube_Solver.xcdatamodeld */; };
		E51AAD031BB71B0D001E4931 /* Assets.xcassets in Resources */ = {isa = PBXBuildFile; fileRef = E51AAD021BB71B0D001E4931 /* Assets.xcassets */; };
		E51AAD061BB71B0D001E4931 /* LaunchScreen.storyboard in Resources */ = {isa = PBXBuildFile; fileRef = E51AAD041BB71B0D001E4931 /* LaunchScreen.storyboard */; };
		E51AAD111BB71B0D001E4931 /* JIVV_Rubix_Cube_SolverTests.swift in Sources */ = {isa = PBXBuildFile; fileRef = E51AAD101BB71B0D001E4931 /* JIVV_Rubix_Cube_SolverTests.swift */; };
		E51AAD1C1BB71B0D001E4931 /* JIVV_Rubix_Cube_SolverUITests.swift in Sources */ = {isa = PBXBuildFile; fileRef = E51AAD1B1BB71B0D001E4931 /* JIVV_Rubix_Cube_SolverUITests.swift */; };
		E564F1611BB773FB00435AD4 /* ImageList.swift in Sources */ = {isa = PBXBuildFile; fileRef = E564F1601BB773FB00435AD4 /* ImageList.swift */; settings = {ASSET_TAGS = (); }; };
		E564F1631BB77C7B00435AD4 /* SelectSide.swift in Sources */ = {isa = PBXBuildFile; fileRef = E564F1621BB77C7B00435AD4 /* SelectSide.swift */; settings = {ASSET_TAGS = (); }; };
		E5D9FA3D1BB7940900CB30F9 /* ImageProcessing.swift in Sources */ = {isa = PBXBuildFile; fileRef = E5D9FA3C1BB7940900CB30F9 /* ImageProcessing.swift */; settings = {ASSET_TAGS = (); }; };
		E5E5217F1BB724F300C77B89 /* Standards.swift in Sources */ = {isa = PBXBuildFile; fileRef = E5E5217E1BB724F300C77B89 /* Standards.swift */; settings = {ASSET_TAGS = (); }; };
/* End PBXBuildFile section */

/* Begin PBXContainerItemProxy section */
		E51AAD0D1BB71B0D001E4931 /* PBXContainerItemProxy */ = {
			isa = PBXContainerItemProxy;
			containerPortal = E51AACED1BB71B0C001E4931 /* Project object */;
			proxyType = 1;
			remoteGlobalIDString = E51AACF41BB71B0C001E4931;
			remoteInfo = "JIVV-Rubix-Cube-Solver";
		};
		E51AAD181BB71B0D001E4931 /* PBXContainerItemProxy */ = {
			isa = PBXContainerItemProxy;
			containerPortal = E51AACED1BB71B0C001E4931 /* Project object */;
			proxyType = 1;
			remoteGlobalIDString = E51AACF41BB71B0C001E4931;
			remoteInfo = "JIVV-Rubix-Cube-Solver";
		};
/* End PBXContainerItemProxy section */

/* Begin PBXFileReference section */
		6A663C1DF33906A6134EBE11 /* Pods.framework */ = {isa = PBXFileReference; explicitFileType = wrapper.framework; includeInIndex = 0; path = Pods.framework; sourceTree = BUILT_PRODUCTS_DIR; };
		6FB5F6EF3714C2E46AE60C11 /* Pods.release.xcconfig */ = {isa = PBXFileReference; includeInIndex = 1; lastKnownFileType = text.xcconfig; name = Pods.release.xcconfig; path = "Pods/Target Support Files/Pods/Pods.release.xcconfig"; sourceTree = "<group>"; };
		A95A0FBA1928212025E6AB73 /* Pods.debug.xcconfig */ = {isa = PBXFileReference; includeInIndex = 1; lastKnownFileType = text.xcconfig; name = Pods.debug.xcconfig; path = "Pods/Target Support Files/Pods/Pods.debug.xcconfig"; sourceTree = "<group>"; };
		E50E899E1BB8477400E3E44B /* Solution.swift */ = {isa = PBXFileReference; fileEncoding = 4; lastKnownFileType = sourcecode.swift; path = Solution.swift; sourceTree = "<group>"; };
		E51AACF51BB71B0D001E4931 /* JIVV-Rubix-Cube-Solver.app */ = {isa = PBXFileReference; explicitFileType = wrapper.application; includeInIndex = 0; path = "JIVV-Rubix-Cube-Solver.app"; sourceTree = BUILT_PRODUCTS_DIR; };
		E51AACF81BB71B0D001E4931 /* AppDelegate.swift */ = {isa = PBXFileReference; lastKnownFileType = sourcecode.swift; path = AppDelegate.swift; sourceTree = "<group>"; };
		E51AACFA1BB71B0D001E4931 /* ViewController.swift */ = {isa = PBXFileReference; lastKnownFileType = sourcecode.swift; path = ViewController.swift; sourceTree = "<group>"; };
		E51AACFD1BB71B0D001E4931 /* Base */ = {isa = PBXFileReference; lastKnownFileType = file.storyboard; name = Base; path = Base.lproj/Main.storyboard; sourceTree = "<group>"; };
		E51AAD001BB71B0D001E4931 /* JIVV_Rubix_Cube_Solver.xcdatamodel */ = {isa = PBXFileReference; lastKnownFileType = wrapper.xcdatamodel; path = JIVV_Rubix_Cube_Solver.xcdatamodel; sourceTree = "<group>"; };
		E51AAD021BB71B0D001E4931 /* Assets.xcassets */ = {isa = PBXFileReference; lastKnownFileType = folder.assetcatalog; path = Assets.xcassets; sourceTree = "<group>"; };
		E51AAD051BB71B0D001E4931 /* Base */ = {isa = PBXFileReference; lastKnownFileType = file.storyboard; name = Base; path = Base.lproj/LaunchScreen.storyboard; sourceTree = "<group>"; };
		E51AAD071BB71B0D001E4931 /* Info.plist */ = {isa = PBXFileReference; lastKnownFileType = text.plist.xml; path = Info.plist; sourceTree = "<group>"; };
		E51AAD0C1BB71B0D001E4931 /* JIVV-Rubix-Cube-SolverTests.xctest */ = {isa = PBXFileReference; explicitFileType = wrapper.cfbundle; includeInIndex = 0; path = "JIVV-Rubix-Cube-SolverTests.xctest"; sourceTree = BUILT_PRODUCTS_DIR; };
		E51AAD101BB71B0D001E4931 /* JIVV_Rubix_Cube_SolverTests.swift */ = {isa = PBXFileReference; lastKnownFileType = sourcecode.swift; path = JIVV_Rubix_Cube_SolverTests.swift; sourceTree = "<group>"; };
		E51AAD121BB71B0D001E4931 /* Info.plist */ = {isa = PBXFileReference; lastKnownFileType = text.plist.xml; path = Info.plist; sourceTree = "<group>"; };
		E51AAD171BB71B0D001E4931 /* JIVV-Rubix-Cube-SolverUITests.xctest */ = {isa = PBXFileReference; explicitFileType = wrapper.cfbundle; includeInIndex = 0; path = "JIVV-Rubix-Cube-SolverUITests.xctest"; sourceTree = BUILT_PRODUCTS_DIR; };
		E51AAD1B1BB71B0D001E4931 /* JIVV_Rubix_Cube_SolverUITests.swift */ = {isa = PBXFileReference; lastKnownFileType = sourcecode.swift; path = JIVV_Rubix_Cube_SolverUITests.swift; sourceTree = "<group>"; };
		E51AAD1D1BB71B0D001E4931 /* Info.plist */ = {isa = PBXFileReference; lastKnownFileType = text.plist.xml; path = Info.plist; sourceTree = "<group>"; };
		E564F1601BB773FB00435AD4 /* ImageList.swift */ = {isa = PBXFileReference; fileEncoding = 4; lastKnownFileType = sourcecode.swift; path = ImageList.swift; sourceTree = "<group>"; };
		E564F1621BB77C7B00435AD4 /* SelectSide.swift */ = {isa = PBXFileReference; fileEncoding = 4; lastKnownFileType = sourcecode.swift; path = SelectSide.swift; sourceTree = "<group>"; };
		E5D9FA3C1BB7940900CB30F9 /* ImageProcessing.swift */ = {isa = PBXFileReference; fileEncoding = 4; lastKnownFileType = sourcecode.swift; path = ImageProcessing.swift; sourceTree = "<group>"; };
		E5E5217E1BB724F300C77B89 /* Standards.swift */ = {isa = PBXFileReference; fileEncoding = 4; lastKnownFileType = sourcecode.swift; path = Standards.swift; sourceTree = "<group>"; };
/* End PBXFileReference section */

/* Begin PBXFrameworksBuildPhase section */
		E51AACF21BB71B0C001E4931 /* Frameworks */ = {
			isa = PBXFrameworksBuildPhase;
			buildActionMask = 2147483647;
			files = (
				BDD10618B103A81687D40844 /* Pods.framework in Frameworks */,
			);
			runOnlyForDeploymentPostprocessing = 0;
		};
		E51AAD091BB71B0D001E4931 /* Frameworks */ = {
			isa = PBXFrameworksBuildPhase;
			buildActionMask = 2147483647;
			files = (
			);
			runOnlyForDeploymentPostprocessing = 0;
		};
		E51AAD141BB71B0D001E4931 /* Frameworks */ = {
			isa = PBXFrameworksBuildPhase;
			buildActionMask = 2147483647;
			files = (
			);
			runOnlyForDeploymentPostprocessing = 0;
		};
/* End PBXFrameworksBuildPhase section */

/* Begin PBXGroup section */
		3E631DB8F9630F1DDAA16EE6 /* Frameworks */ = {
			isa = PBXGroup;
			children = (
				6A663C1DF33906A6134EBE11 /* Pods.framework */,
			);
			name = Frameworks;
			sourceTree = "<group>";
		};
		AED4B778868B0D5D999E3E1A /* Pods */ = {
			isa = PBXGroup;
			children = (
				A95A0FBA1928212025E6AB73 /* Pods.debug.xcconfig */,
				6FB5F6EF3714C2E46AE60C11 /* Pods.release.xcconfig */,
			);
			name = Pods;
			sourceTree = "<group>";
		};
		E51AACEC1BB71B0C001E4931 = {
			isa = PBXGroup;
			children = (
				E51AACF71BB71B0D001E4931 /* JIVV-Rubix-Cube-Solver */,
				E51AAD0F1BB71B0D001E4931 /* JIVV-Rubix-Cube-SolverTests */,
				E51AAD1A1BB71B0D001E4931 /* JIVV-Rubix-Cube-SolverUITests */,
				E51AACF61BB71B0D001E4931 /* Products */,
				AED4B778868B0D5D999E3E1A /* Pods */,
				3E631DB8F9630F1DDAA16EE6 /* Frameworks */,
			);
			sourceTree = "<group>";
		};
		E51AACF61BB71B0D001E4931 /* Products */ = {
			isa = PBXGroup;
			children = (
				E51AACF51BB71B0D001E4931 /* JIVV-Rubix-Cube-Solver.app */,
				E51AAD0C1BB71B0D001E4931 /* JIVV-Rubix-Cube-SolverTests.xctest */,
				E51AAD171BB71B0D001E4931 /* JIVV-Rubix-Cube-SolverUITests.xctest */,
			);
			name = Products;
			sourceTree = "<group>";
		};
		E51AACF71BB71B0D001E4931 /* JIVV-Rubix-Cube-Solver */ = {
			isa = PBXGroup;
			children = (
				E51AACF81BB71B0D001E4931 /* AppDelegate.swift */,
				E51AACFA1BB71B0D001E4931 /* ViewController.swift */,
				E564F1621BB77C7B00435AD4 /* SelectSide.swift */,
				E50E899E1BB8477400E3E44B /* Solution.swift */,
				E564F1601BB773FB00435AD4 /* ImageList.swift */,
				E5D9FA3C1BB7940900CB30F9 /* ImageProcessing.swift */,
				E5E5217E1BB724F300C77B89 /* Standards.swift */,
				E51AACFC1BB71B0D001E4931 /* Main.storyboard */,
				E51AAD021BB71B0D001E4931 /* Assets.xcassets */,
				E51AAD041BB71B0D001E4931 /* LaunchScreen.storyboard */,
				E51AAD071BB71B0D001E4931 /* Info.plist */,
				E51AACFF1BB71B0D001E4931 /* JIVV_Rubix_Cube_Solver.xcdatamodeld */,
			);
			path = "JIVV-Rubix-Cube-Solver";
			sourceTree = "<group>";
		};
		E51AAD0F1BB71B0D001E4931 /* JIVV-Rubix-Cube-SolverTests */ = {
			isa = PBXGroup;
			children = (
				E51AAD101BB71B0D001E4931 /* JIVV_Rubix_Cube_SolverTests.swift */,
				E51AAD121BB71B0D001E4931 /* Info.plist */,
			);
			path = "JIVV-Rubix-Cube-SolverTests";
			sourceTree = "<group>";
		};
		E51AAD1A1BB71B0D001E4931 /* JIVV-Rubix-Cube-SolverUITests */ = {
			isa = PBXGroup;
			children = (
				E51AAD1B1BB71B0D001E4931 /* JIVV_Rubix_Cube_SolverUITests.swift */,
				E51AAD1D1BB71B0D001E4931 /* Info.plist */,
			);
			path = "JIVV-Rubix-Cube-SolverUITests";
			sourceTree = "<group>";
		};
/* End PBXGroup section */

/* Begin PBXNativeTarget section */
		E51AACF41BB71B0C001E4931 /* JIVV-Rubix-Cube-Solver */ = {
			isa = PBXNativeTarget;
			buildConfigurationList = E51AAD201BB71B0D001E4931 /* Build configuration list for PBXNativeTarget "JIVV-Rubix-Cube-Solver" */;
			buildPhases = (
				0C517BCA54C1A27EACFE3755 /* Check Pods Manifest.lock */,
				E51AACF11BB71B0C001E4931 /* Sources */,
				E51AACF21BB71B0C001E4931 /* Frameworks */,
				E51AACF31BB71B0C001E4931 /* Resources */,
				D0AC8A1508756A05D77F7892 /* Embed Pods Frameworks */,
				D57CA444593C0D3308F376AA /* Copy Pods Resources */,
			);
			buildRules = (
			);
			dependencies = (
			);
			name = "JIVV-Rubix-Cube-Solver";
			productName = "JIVV-Rubix-Cube-Solver";
			productReference = E51AACF51BB71B0D001E4931 /* JIVV-Rubix-Cube-Solver.app */;
			productType = "com.apple.product-type.application";
		};
		E51AAD0B1BB71B0D001E4931 /* JIVV-Rubix-Cube-SolverTests */ = {
			isa = PBXNativeTarget;
			buildConfigurationList = E51AAD231BB71B0D001E4931 /* Build configuration list for PBXNativeTarget "JIVV-Rubix-Cube-SolverTests" */;
			buildPhases = (
				E51AAD081BB71B0D001E4931 /* Sources */,
				E51AAD091BB71B0D001E4931 /* Frameworks */,
				E51AAD0A1BB71B0D001E4931 /* Resources */,
			);
			buildRules = (
			);
			dependencies = (
				E51AAD0E1BB71B0D001E4931 /* PBXTargetDependency */,
			);
			name = "JIVV-Rubix-Cube-SolverTests";
			productName = "JIVV-Rubix-Cube-SolverTests";
			productReference = E51AAD0C1BB71B0D001E4931 /* JIVV-Rubix-Cube-SolverTests.xctest */;
			productType = "com.apple.product-type.bundle.unit-test";
		};
		E51AAD161BB71B0D001E4931 /* JIVV-Rubix-Cube-SolverUITests */ = {
			isa = PBXNativeTarget;
			buildConfigurationList = E51AAD261BB71B0D001E4931 /* Build configuration list for PBXNativeTarget "JIVV-Rubix-Cube-SolverUITests" */;
			buildPhases = (
				E51AAD131BB71B0D001E4931 /* Sources */,
				E51AAD141BB71B0D001E4931 /* Frameworks */,
				E51AAD151BB71B0D001E4931 /* Resources */,
			);
			buildRules = (
			);
			dependencies = (
				E51AAD191BB71B0D001E4931 /* PBXTargetDependency */,
			);
			name = "JIVV-Rubix-Cube-SolverUITests";
			productName = "JIVV-Rubix-Cube-SolverUITests";
			productReference = E51AAD171BB71B0D001E4931 /* JIVV-Rubix-Cube-SolverUITests.xctest */;
			productType = "com.apple.product-type.bundle.ui-testing";
		};
/* End PBXNativeTarget section */

/* Begin PBXProject section */
		E51AACED1BB71B0C001E4931 /* Project object */ = {
			isa = PBXProject;
			attributes = {
				LastUpgradeCheck = 0700;
				ORGANIZATIONNAME = JRav;
				TargetAttributes = {
					E51AACF41BB71B0C001E4931 = {
						CreatedOnToolsVersion = 7.0;
					};
					E51AAD0B1BB71B0D001E4931 = {
						CreatedOnToolsVersion = 7.0;
						TestTargetID = E51AACF41BB71B0C001E4931;
					};
					E51AAD161BB71B0D001E4931 = {
						CreatedOnToolsVersion = 7.0;
						TestTargetID = E51AACF41BB71B0C001E4931;
					};
				};
			};
			buildConfigurationList = E51AACF01BB71B0C001E4931 /* Build configuration list for PBXProject "JIVV-Rubix-Cube-Solver" */;
			compatibilityVersion = "Xcode 3.2";
			developmentRegion = English;
			hasScannedForEncodings = 0;
			knownRegions = (
				en,
				Base,
			);
			mainGroup = E51AACEC1BB71B0C001E4931;
			productRefGroup = E51AACF61BB71B0D001E4931 /* Products */;
			projectDirPath = "";
			projectRoot = "";
			targets = (
				E51AACF41BB71B0C001E4931 /* JIVV-Rubix-Cube-Solver */,
				E51AAD0B1BB71B0D001E4931 /* JIVV-Rubix-Cube-SolverTests */,
				E51AAD161BB71B0D001E4931 /* JIVV-Rubix-Cube-SolverUITests */,
			);
		};
/* End PBXProject section */

/* Begin PBXResourcesBuildPhase section */
		E51AACF31BB71B0C001E4931 /* Resources */ = {
			isa = PBXResourcesBuildPhase;
			buildActionMask = 2147483647;
			files = (
				E51AAD061BB71B0D001E4931 /* LaunchScreen.storyboard in Resources */,
				E51AAD031BB71B0D001E4931 /* Assets.xcassets in Resources */,
				E51AACFE1BB71B0D001E4931 /* Main.storyboard in Resources */,
			);
			runOnlyForDeploymentPostprocessing = 0;
		};
		E51AAD0A1BB71B0D001E4931 /* Resources */ = {
			isa = PBXResourcesBuildPhase;
			buildActionMask = 2147483647;
			files = (
			);
			runOnlyForDeploymentPostprocessing = 0;
		};
		E51AAD151BB71B0D001E4931 /* Resources */ = {
			isa = PBXResourcesBuildPhase;
			buildActionMask = 2147483647;
			files = (
			);
			runOnlyForDeploymentPostprocessing = 0;
		};
/* End PBXResourcesBuildPhase section */

/* Begin PBXShellScriptBuildPhase section */
		0C517BCA54C1A27EACFE3755 /* Check Pods Manifest.lock */ = {
			isa = PBXShellScriptBuildPhase;
			buildActionMask = 2147483647;
			files = (
			);
			inputPaths = (
			);
			name = "Check Pods Manifest.lock";
			outputPaths = (
			);
			runOnlyForDeploymentPostprocessing = 0;
			shellPath = /bin/sh;
			shellScript = "diff \"${PODS_ROOT}/../Podfile.lock\" \"${PODS_ROOT}/Manifest.lock\" > /dev/null\nif [[ $? != 0 ]] ; then\n    cat << EOM\nerror: The sandbox is not in sync with the Podfile.lock. Run 'pod install' or update your CocoaPods installation.\nEOM\n    exit 1\nfi\n";
			showEnvVarsInLog = 0;
		};
		D0AC8A1508756A05D77F7892 /* Embed Pods Frameworks */ = {
			isa = PBXShellScriptBuildPhase;
			buildActionMask = 2147483647;
			files = (
			);
			inputPaths = (
			);
			name = "Embed Pods Frameworks";
			outputPaths = (
			);
			runOnlyForDeploymentPostprocessing = 0;
			shellPath = /bin/sh;
			shellScript = "\"${SRCROOT}/Pods/Target Support Files/Pods/Pods-frameworks.sh\"\n";
			showEnvVarsInLog = 0;
		};
		D57CA444593C0D3308F376AA /* Copy Pods Resources */ = {
			isa = PBXShellScriptBuildPhase;
			buildActionMask = 2147483647;
			files = (
			);
			inputPaths = (
			);
			name = "Copy Pods Resources";
			outputPaths = (
			);
			runOnlyForDeploymentPostprocessing = 0;
			shellPath = /bin/sh;
			shellScript = "\"${SRCROOT}/Pods/Target Support Files/Pods/Pods-resources.sh\"\n";
			showEnvVarsInLog = 0;
		};
/* End PBXShellScriptBuildPhase section */

/* Begin PBXSourcesBuildPhase section */
		E51AACF11BB71B0C001E4931 /* Sources */ = {
			isa = PBXSourcesBuildPhase;
			buildActionMask = 2147483647;
			files = (
				E51AACFB1BB71B0D001E4931 /* ViewController.swift in Sources */,
				E51AAD011BB71B0D001E4931 /* JIVV_Rubix_Cube_Solver.xcdatamodeld in Sources */,
				E564F1631BB77C7B00435AD4 /* SelectSide.swift in Sources */,
				E5D9FA3D1BB7940900CB30F9 /* ImageProcessing.swift in Sources */,
				E5E5217F1BB724F300C77B89 /* Standards.swift in Sources */,
				E51AACF91BB71B0D001E4931 /* AppDelegate.swift in Sources */,
				E50E899F1BB8477400E3E44B /* Solution.swift in Sources */,
				E564F1611BB773FB00435AD4 /* ImageList.swift in Sources */,
			);
			runOnlyForDeploymentPostprocessing = 0;
		};
		E51AAD081BB71B0D001E4931 /* Sources */ = {
			isa = PBXSourcesBuildPhase;
			buildActionMask = 2147483647;
			files = (
				E51AAD111BB71B0D001E4931 /* JIVV_Rubix_Cube_SolverTests.swift in Sources */,
			);
			runOnlyForDeploymentPostprocessing = 0;
		};
		E51AAD131BB71B0D001E4931 /* Sources */ = {
			isa = PBXSourcesBuildPhase;
			buildActionMask = 2147483647;
			files = (
				E51AAD1C1BB71B0D001E4931 /* JIVV_Rubix_Cube_SolverUITests.swift in Sources */,
			);
			runOnlyForDeploymentPostprocessing = 0;
		};
/* End PBXSourcesBuildPhase section */

/* Begin PBXTargetDependency section */
		E51AAD0E1BB71B0D001E4931 /* PBXTargetDependency */ = {
			isa = PBXTargetDependency;
			target = E51AACF41BB71B0C001E4931 /* JIVV-Rubix-Cube-Solver */;
			targetProxy = E51AAD0D1BB71B0D001E4931 /* PBXContainerItemProxy */;
		};
		E51AAD191BB71B0D001E4931 /* PBXTargetDependency */ = {
			isa = PBXTargetDependency;
			target = E51AACF41BB71B0C001E4931 /* JIVV-Rubix-Cube-Solver */;
			targetProxy = E51AAD181BB71B0D001E4931 /* PBXContainerItemProxy */;
		};
/* End PBXTargetDependency section */

/* Begin PBXVariantGroup section */
		E51AACFC1BB71B0D001E4931 /* Main.storyboard */ = {
			isa = PBXVariantGroup;
			children = (
				E51AACFD1BB71B0D001E4931 /* Base */,
			);
			name = Main.storyboard;
			sourceTree = "<group>";
		};
		E51AAD041BB71B0D001E4931 /* LaunchScreen.storyboard */ = {
			isa = PBXVariantGroup;
			children = (
				E51AAD051BB71B0D001E4931 /* Base */,
			);
			name = LaunchScreen.storyboard;
			sourceTree = "<group>";
		};
/* End PBXVariantGroup section */

/* Begin XCBuildConfiguration section */
		E51AAD1E1BB71B0D001E4931 /* Debug */ = {
			isa = XCBuildConfiguration;
			buildSettings = {
				ALWAYS_SEARCH_USER_PATHS = NO;
				CLANG_CXX_LANGUAGE_STANDARD = "gnu++0x";
				CLANG_CXX_LIBRARY = "libc++";
				CLANG_ENABLE_MODULES = YES;
				CLANG_ENABLE_OBJC_ARC = YES;
				CLANG_WARN_BOOL_CONVERSION = YES;
				CLANG_WARN_CONSTANT_CONVERSION = YES;
				CLANG_WARN_DIRECT_OBJC_ISA_USAGE = YES_ERROR;
				CLANG_WARN_EMPTY_BODY = YES;
				CLANG_WARN_ENUM_CONVERSION = YES;
				CLANG_WARN_INT_CONVERSION = YES;
				CLANG_WARN_OBJC_ROOT_CLASS = YES_ERROR;
				CLANG_WARN_UNREACHABLE_CODE = YES;
				CLANG_WARN__DUPLICATE_METHOD_MATCH = YES;
				"CODE_SIGN_IDENTITY[sdk=iphoneos*]" = "iPhone Developer";
				COPY_PHASE_STRIP = NO;
				DEBUG_INFORMATION_FORMAT = dwarf;
				ENABLE_STRICT_OBJC_MSGSEND = YES;
				ENABLE_TESTABILITY = YES;
				GCC_C_LANGUAGE_STANDARD = gnu99;
				GCC_DYNAMIC_NO_PIC = NO;
				GCC_NO_COMMON_BLOCKS = YES;
				GCC_OPTIMIZATION_LEVEL = 0;
				GCC_PREPROCESSOR_DEFINITIONS = (
					"DEBUG=1",
					"$(inherited)",
				);
				GCC_WARN_64_TO_32_BIT_CONVERSION = YES;
				GCC_WARN_ABOUT_RETURN_TYPE = YES_ERROR;
				GCC_WARN_UNDECLARED_SELECTOR = YES;
				GCC_WARN_UNINITIALIZED_AUTOS = YES_AGGRESSIVE;
				GCC_WARN_UNUSED_FUNCTION = YES;
				GCC_WARN_UNUSED_VARIABLE = YES;
				IPHONEOS_DEPLOYMENT_TARGET = 9.0;
				MTL_ENABLE_DEBUG_INFO = YES;
				ONLY_ACTIVE_ARCH = YES;
				SDKROOT = iphoneos;
				SWIFT_OPTIMIZATION_LEVEL = "-Onone";
			};
			name = Debug;
		};
		E51AAD1F1BB71B0D001E4931 /* Release */ = {
			isa = XCBuildConfiguration;
			buildSettings = {
				ALWAYS_SEARCH_USER_PATHS = NO;
				CLANG_CXX_LANGUAGE_STANDARD = "gnu++0x";
				CLANG_CXX_LIBRARY = "libc++";
				CLANG_ENABLE_MODULES = YES;
				CLANG_ENABLE_OBJC_ARC = YES;
				CLANG_WARN_BOOL_CONVERSION = YES;
				CLANG_WARN_CONSTANT_CONVERSION = YES;
				CLANG_WARN_DIRECT_OBJC_ISA_USAGE = YES_ERROR;
				CLANG_WARN_EMPTY_BODY = YES;
				CLANG_WARN_ENUM_CONVERSION = YES;
				CLANG_WARN_INT_CONVERSION = YES;
				CLANG_WARN_OBJC_ROOT_CLASS = YES_ERROR;
				CLANG_WARN_UNREACHABLE_CODE = YES;
				CLANG_WARN__DUPLICATE_METHOD_MATCH = YES;
				"CODE_SIGN_IDENTITY[sdk=iphoneos*]" = "iPhone Developer";
				COPY_PHASE_STRIP = NO;
				DEBUG_INFORMATION_FORMAT = "dwarf-with-dsym";
				ENABLE_NS_ASSERTIONS = NO;
				ENABLE_STRICT_OBJC_MSGSEND = YES;
				GCC_C_LANGUAGE_STANDARD = gnu99;
				GCC_NO_COMMON_BLOCKS = YES;
				GCC_WARN_64_TO_32_BIT_CONVERSION = YES;
				GCC_WARN_ABOUT_RETURN_TYPE = YES_ERROR;
				GCC_WARN_UNDECLARED_SELECTOR = YES;
				GCC_WARN_UNINITIALIZED_AUTOS = YES_AGGRESSIVE;
				GCC_WARN_UNUSED_FUNCTION = YES;
				GCC_WARN_UNUSED_VARIABLE = YES;
				IPHONEOS_DEPLOYMENT_TARGET = 9.0;
				MTL_ENABLE_DEBUG_INFO = NO;
				SDKROOT = iphoneos;
				VALIDATE_PRODUCT = YES;
			};
			name = Release;
		};
		E51AAD211BB71B0D001E4931 /* Debug */ = {
			isa = XCBuildConfiguration;
			baseConfigurationReference = A95A0FBA1928212025E6AB73 /* Pods.debug.xcconfig */;
			buildSettings = {
				ASSETCATALOG_COMPILER_APPICON_NAME = AppIcon;
				INFOPLIST_FILE = "JIVV-Rubix-Cube-Solver/Info.plist";
				LD_RUNPATH_SEARCH_PATHS = "$(inherited) @executable_path/Frameworks";
				PRODUCT_BUNDLE_IDENTIFIER = "com.jrav.JIVV-Rubix-Cube-Solver";
				PRODUCT_NAME = "$(TARGET_NAME)";
			};
			name = Debug;
		};
		E51AAD221BB71B0D001E4931 /* Release */ = {
			isa = XCBuildConfiguration;
			baseConfigurationReference = 6FB5F6EF3714C2E46AE60C11 /* Pods.release.xcconfig */;
			buildSettings = {
				ASSETCATALOG_COMPILER_APPICON_NAME = AppIcon;
				INFOPLIST_FILE = "JIVV-Rubix-Cube-Solver/Info.plist";
				LD_RUNPATH_SEARCH_PATHS = "$(inherited) @executable_path/Frameworks";
				PRODUCT_BUNDLE_IDENTIFIER = "com.jrav.JIVV-Rubix-Cube-Solver";
				PRODUCT_NAME = "$(TARGET_NAME)";
			};
			name = Release;
		};
		E51AAD241BB71B0D001E4931 /* Debug */ = {
			isa = XCBuildConfiguration;
			buildSettings = {
				BUNDLE_LOADER = "$(TEST_HOST)";
				INFOPLIST_FILE = "JIVV-Rubix-Cube-SolverTests/Info.plist";
				LD_RUNPATH_SEARCH_PATHS = "$(inherited) @executable_path/Frameworks @loader_path/Frameworks";
				PRODUCT_BUNDLE_IDENTIFIER = "com.jrav.JIVV-Rubix-Cube-SolverTests";
				PRODUCT_NAME = "$(TARGET_NAME)";
				TEST_HOST = "$(BUILT_PRODUCTS_DIR)/JIVV-Rubix-Cube-Solver.app/JIVV-Rubix-Cube-Solver";
			};
			name = Debug;
		};
		E51AAD251BB71B0D001E4931 /* Release */ = {
			isa = XCBuildConfiguration;
			buildSettings = {
				BUNDLE_LOADER = "$(TEST_HOST)";
				INFOPLIST_FILE = "JIVV-Rubix-Cube-SolverTests/Info.plist";
				LD_RUNPATH_SEARCH_PATHS = "$(inherited) @executable_path/Frameworks @loader_path/Frameworks";
				PRODUCT_BUNDLE_IDENTIFIER = "com.jrav.JIVV-Rubix-Cube-SolverTests";
				PRODUCT_NAME = "$(TARGET_NAME)";
				TEST_HOST = "$(BUILT_PRODUCTS_DIR)/JIVV-Rubix-Cube-Solver.app/JIVV-Rubix-Cube-Solver";
			};
			name = Release;
		};
		E51AAD271BB71B0D001E4931 /* Debug */ = {
			isa = XCBuildConfiguration;
			buildSettings = {
				INFOPLIST_FILE = "JIVV-Rubix-Cube-SolverUITests/Info.plist";
				LD_RUNPATH_SEARCH_PATHS = "$(inherited) @executable_path/Frameworks @loader_path/Frameworks";
				PRODUCT_BUNDLE_IDENTIFIER = "com.jrav.JIVV-Rubix-Cube-SolverUITests";
				PRODUCT_NAME = "$(TARGET_NAME)";
				TEST_TARGET_NAME = "JIVV-Rubix-Cube-Solver";
				USES_XCTRUNNER = YES;
			};
			name = Debug;
		};
		E51AAD281BB71B0D001E4931 /* Release */ = {
			isa = XCBuildConfiguration;
			buildSettings = {
				INFOPLIST_FILE = "JIVV-Rubix-Cube-SolverUITests/Info.plist";
				LD_RUNPATH_SEARCH_PATHS = "$(inherited) @executable_path/Frameworks @loader_path/Frameworks";
				PRODUCT_BUNDLE_IDENTIFIER = "com.jrav.JIVV-Rubix-Cube-SolverUITests";
				PRODUCT_NAME = "$(TARGET_NAME)";
				TEST_TARGET_NAME = "JIVV-Rubix-Cube-Solver";
				USES_XCTRUNNER = YES;
			};
			name = Release;
		};
/* End XCBuildConfiguration section */

/* Begin XCConfigurationList section */
		E51AACF01BB71B0C001E4931 /* Build configuration list for PBXProject "JIVV-Rubix-Cube-Solver" */ = {
			isa = XCConfigurationList;
			buildConfigurations = (
				E51AAD1E1BB71B0D001E4931 /* Debug */,
				E51AAD1F1BB71B0D001E4931 /* Release */,
			);
			defaultConfigurationIsVisible = 0;
			defaultConfigurationName = Release;
		};
		E51AAD201BB71B0D001E4931 /* Build configuration list for PBXNativeTarget "JIVV-Rubix-Cube-Solver" */ = {
			isa = XCConfigurationList;
			buildConfigurations = (
				E51AAD211BB71B0D001E4931 /* Debug */,
				E51AAD221BB71B0D001E4931 /* Release */,
			);
			defaultConfigurationIsVisible = 0;
			defaultConfigurationName = Release;
		};
		E51AAD231BB71B0D001E4931 /* Build configuration list for PBXNativeTarget "JIVV-Rubix-Cube-SolverTests" */ = {
			isa = XCConfigurationList;
			buildConfigurations = (
				E51AAD241BB71B0D001E4931 /* Debug */,
				E51AAD251BB71B0D001E4931 /* Release */,
			);
			defaultConfigurationIsVisible = 0;
			defaultConfigurationName = Release;
		};
		E51AAD261BB71B0D001E4931 /* Build configuration list for PBXNativeTarget "JIVV-Rubix-Cube-SolverUITests" */ = {
			isa = XCConfigurationList;
			buildConfigurations = (
				E51AAD271BB71B0D001E4931 /* Debug */,
				E51AAD281BB71B0D001E4931 /* Release */,
			);
			defaultConfigurationIsVisible = 0;
			defaultConfigurationName = Release;
		};
/* End XCConfigurationList section */

/* Begin XCVersionGroup section */
		E51AACFF1BB71B0D001E4931 /* JIVV_Rubix_Cube_Solver.xcdatamodeld */ = {
			isa = XCVersionGroup;
			children = (
				E51AAD001BB71B0D001E4931 /* JIVV_Rubix_Cube_Solver.xcdatamodel */,
			);
			currentVersion = E51AAD001BB71B0D001E4931 /* JIVV_Rubix_Cube_Solver.xcdatamodel */;
			path = JIVV_Rubix_Cube_Solver.xcdatamodeld;
			sourceTree = "<group>";
			versionGroupType = wrapper.xcdatamodel;
		};
/* End XCVersionGroup section */
	};
	rootObject = E51AACED1BB71B0C001E4931 /* Project object */;
}
